
Microsoft Visual Studio Solution File, Format Version 12.00
# Visual Studio Version 16
VisualStudioVersion = 16.0.31624.102
MinimumVisualStudioVersion = 10.0.40219.1
Project("{FAE04EC0-301F-11D3-BF4B-00C04F79EFBC}") = "Casino dice roller", "Casino dice roller\Casino dice roller.csproj", "{AFC83C77-0B83-4B28-A242-9B1FBCEB29EF}"
EndProject
Global
	GlobalSection(SolutionConfigurationPlatforms) = preSolution
		Debug|Any CPU = Debug|Any CPU
		Release|Any CPU = Release|Any CPU
	EndGlobalSection
	GlobalSection(ProjectConfigurationPlatforms) = postSolution
		{AFC83C77-0B83-4B28-A242-9B1FBCEB29EF}.Debug|Any CPU.ActiveCfg = Debug|Any CPU
		{AFC83C77-0B83-4B28-A242-9B1FBCEB29EF}.Debug|Any CPU.Build.0 = Debug|Any CPU
		{AFC83C77-0B83-4B28-A242-9B1FBCEB29EF}.Release|Any CPU.ActiveCfg = Release|Any CPU
		{AFC83C77-0B83-4B28-A242-9B1FBCEB29EF}.Release|Any CPU.Build.0 = Release|Any CPU
	EndGlobalSection
	GlobalSection(SolutionProperties) = preSolution
		HideSolutionNode = FALSE
	EndGlobalSection
	GlobalSection(ExtensibilityGlobals) = postSolution
		SolutionGuid = {583F5B3F-A4A0-4E36-A8D2-12CB0B0550E9}
	EndGlobalSection
EndGlobal
